
Microsoft Visual Studio Solution File, Format Version 12.00
# Visual Studio Version 17
VisualStudioVersion = 17.7.34031.279
MinimumVisualStudioVersion = 10.0.40219.1
Project("{FAE04EC0-301F-11D3-BF4B-00C04F79EFBC}") = "ProductorConsumidor.SinSincronizacion", "ProductorConsumidor.SinSincronizacion\ProductorConsumidor.SinSincronizacion.csproj", "{716E7FF3-8F86-42AD-85EE-A663834D40D0}"
EndProject
Project("{FAE04EC0-301F-11D3-BF4B-00C04F79EFBC}") = "ProductorConsumidor.Modelo", "ProductorConsumidor.Modelo\ProductorConsumidor.Modelo.csproj", "{346EB159-36AA-4382-AA55-4FFC248AF3EE}"
EndProject
Project("{FAE04EC0-301F-11D3-BF4B-00C04F79EFBC}") = "ProductorConsumidor.ConSincronizacion", "ProductorConsumidor.ConSincronizacion\ProductorConsumidor.ConSincronizacion.csproj", "{9229016B-4B0E-4804-B00B-21D276D167E0}"
EndProject
Global
	GlobalSection(SolutionConfigurationPlatforms) = preSolution
		Debug|Any CPU = Debug|Any CPU
		Release|Any CPU = Release|Any CPU
	EndGlobalSection
	GlobalSection(ProjectConfigurationPlatforms) = postSolution
		{716E7FF3-8F86-42AD-85EE-A663834D40D0}.Debug|Any CPU.ActiveCfg = Debug|Any CPU
		{716E7FF3-8F86-42AD-85EE-A663834D40D0}.Debug|Any CPU.Build.0 = Debug|Any CPU
		{716E7FF3-8F86-42AD-85EE-A663834D40D0}.Release|Any CPU.ActiveCfg = Release|Any CPU
		{716E7FF3-8F86-42AD-85EE-A663834D40D0}.Release|Any CPU.Build.0 = Release|Any CPU
		{346EB159-36AA-4382-AA55-4FFC248AF3EE}.Debug|Any CPU.ActiveCfg = Debug|Any CPU
		{346EB159-36AA-4382-AA55-4FFC248AF3EE}.Debug|Any CPU.Build.0 = Debug|Any CPU
		{346EB159-36AA-4382-AA55-4FFC248AF3EE}.Release|Any CPU.ActiveCfg = Release|Any CPU
		{346EB159-36AA-4382-AA55-4FFC248AF3EE}.Release|Any CPU.Build.0 = Release|Any CPU
		{9229016B-4B0E-4804-B00B-21D276D167E0}.Debug|Any CPU.ActiveCfg = Debug|Any CPU
		{9229016B-4B0E-4804-B00B-21D276D167E0}.Debug|Any CPU.Build.0 = Debug|Any CPU
		{9229016B-4B0E-4804-B00B-21D276D167E0}.Release|Any CPU.ActiveCfg = Release|Any CPU
		{9229016B-4B0E-4804-B00B-21D276D167E0}.Release|Any CPU.Build.0 = Release|Any CPU
	EndGlobalSection
	GlobalSection(SolutionProperties) = preSolution
		HideSolutionNode = FALSE
	EndGlobalSection
	GlobalSection(ExtensibilityGlobals) = postSolution
		SolutionGuid = {D60EAAC0-7EFA-4BAD-9A91-6DE5363B8052}
	EndGlobalSection
EndGlobal
